{
  "name": "randomthing-usage",
  "version": "1.0.0",
  "lockfileVersion": 3,
  "requires": true,
  "packages": {
    "": {
      "name": "randomthing-usage",
      "version": "1.0.0",
      "license": "ISC",
      "dependencies": {
        "randomthinger": "^2.0.0"
      }
    },
    "node_modules/randomthinger": {
      "version": "2.0.0",
      "resolved": "https://registry.npmjs.org/randomthinger/-/randomthinger-2.0.0.tgz",
      "integrity": "sha512-XuFfwAEfONX7L6idItorf4WSEtALtzICwKSXwOe/dXmrj4UqyclfGOb2ezjgBY2cO3NLRUKgCU0rdLhrNWt9Ng=="
    }
  }
}
